
Microsoft Visual Studio Solution File, Format Version 12.00
# Visual Studio Version 17
VisualStudioVersion = 17.5.33424.131
MinimumVisualStudioVersion = 10.0.40219.1
Project("{FAE04EC0-301F-11D3-BF4B-00C04F79EFBC}") = "Euphorically", "Euphorically.csproj", "{38DD6BB8-F005-49D6-9506-AFA4ACB4F871}"
EndProject
Global
	GlobalSection(SolutionConfigurationPlatforms) = preSolution
		Debug|Any CPU = Debug|Any CPU
		Release|Any CPU = Release|Any CPU
	EndGlobalSection
	GlobalSection(ProjectConfigurationPlatforms) = postSolution
		{38DD6BB8-F005-49D6-9506-AFA4ACB4F871}.Debug|Any CPU.ActiveCfg = Debug|Any CPU
		{38DD6BB8-F005-49D6-9506-AFA4ACB4F871}.Debug|Any CPU.Build.0 = Debug|Any CPU
		{38DD6BB8-F005-49D6-9506-AFA4ACB4F871}.Release|Any CPU.ActiveCfg = Release|Any CPU
		{38DD6BB8-F005-49D6-9506-AFA4ACB4F871}.Release|Any CPU.Build.0 = Release|Any CPU
	EndGlobalSection
	GlobalSection(SolutionProperties) = preSolution
		HideSolutionNode = FALSE
	EndGlobalSection
	GlobalSection(ExtensibilityGlobals) = postSolution
		SolutionGuid = {F0A27ECC-F0CA-42E5-B1D7-4E37C38B95A2}
	EndGlobalSection
EndGlobal
